// !$*UTF8*$!
{
	archiveVersion = 1;
	classes = {
	};
	objectVersion = 48;
	objects = {

/* Begin PBXBuildFile section */
		146F0C9A2077E0E1008BD55E /* libcryptosdk.dylib in Frameworks */ = {isa = PBXBuildFile; fileRef = 146F0C992077E0E1008BD55E /* libcryptosdk.dylib */; };
		14706BE62067CCA5008C6154 /* AppDelegate.mm in Sources */ = {isa = PBXBuildFile; fileRef = 14706BE52067CCA5008C6154 /* AppDelegate.mm */; };
		14706BE92067CCA5008C6154 /* ViewController.mm in Sources */ = {isa = PBXBuildFile; fileRef = 14706BE82067CCA5008C6154 /* ViewController.mm */; };
		14706BEC2067CCA5008C6154 /* Main.storyboard in Resources */ = {isa = PBXBuildFile; fileRef = 14706BEA2067CCA5008C6154 /* Main.storyboard */; };
		14706BEE2067CCA5008C6154 /* Assets.xcassets in Resources */ = {isa = PBXBuildFile; fileRef = 14706BED2067CCA5008C6154 /* Assets.xcassets */; };
		14706BF12067CCA5008C6154 /* LaunchScreen.storyboard in Resources */ = {isa = PBXBuildFile; fileRef = 14706BEF2067CCA5008C6154 /* LaunchScreen.storyboard */; };
		14706BF42067CCA5008C6154 /* main.m in Sources */ = {isa = PBXBuildFile; fileRef = 14706BF32067CCA5008C6154 /* main.m */; };
/* End PBXBuildFile section */

/* Begin PBXContainerItemProxy section */
		14706BFA2067CCA5008C6154 /* PBXContainerItemProxy */ = {
			isa = PBXContainerItemProxy;
			containerPortal = 14706BD92067CCA5008C6154 /* Project object */;
			proxyType = 1;
			remoteGlobalIDString = 14706BE02067CCA5008C6154;
			remoteInfo = "ios-sample-app";
		};
		14706C052067CCA5008C6154 /* PBXContainerItemProxy */ = {
			isa = PBXContainerItemProxy;
			containerPortal = 14706BD92067CCA5008C6154 /* Project object */;
			proxyType = 1;
			remoteGlobalIDString = 14706BE02067CCA5008C6154;
			remoteInfo = "ios-sample-app";
		};
/* End PBXContainerItemProxy section */

/* Begin PBXFileReference section */
		146F0C992077E0E1008BD55E /* libcryptosdk.dylib */ = {isa = PBXFileReference; lastKnownFileType = "compiled.mach-o.dylib"; name = libcryptosdk.dylib; path = "../../crypto-sdk/build/ios/lib/libcryptosdk.dylib"; sourceTree = "<group>"; };
		14706BE12067CCA5008C6154 /* ios-sample-app.app */ = {isa = PBXFileReference; explicitFileType = wrapper.application; includeInIndex = 0; path = "ios-sample-app.app"; sourceTree = BUILT_PRODUCTS_DIR; };
		14706BE42067CCA5008C6154 /* AppDelegate.h */ = {isa = PBXFileReference; lastKnownFileType = sourcecode.c.h; path = AppDelegate.h; sourceTree = "<group>"; };
		14706BE52067CCA5008C6154 /* AppDelegate.mm */ = {isa = PBXFileReference; lastKnownFileType = sourcecode.cpp.objcpp; path = AppDelegate.mm; sourceTree = "<group>"; };
		14706BE72067CCA5008C6154 /* ViewController.h */ = {isa = PBXFileReference; lastKnownFileType = sourcecode.c.h; path = ViewController.h; sourceTree = "<group>"; };
		14706BE82067CCA5008C6154 /* ViewController.mm */ = {isa = PBXFileReference; lastKnownFileType = sourcecode.cpp.objcpp; path = ViewController.mm; sourceTree = "<group>"; };
		14706BEB2067CCA5008C6154 /* Base */ = {isa = PBXFileReference; lastKnownFileType = file.storyboard; name = Base; path = Base.lproj/Main.storyboard; sourceTree = "<group>"; };
		14706BED2067CCA5008C6154 /* Assets.xcassets */ = {isa = PBXFileReference; lastKnownFileType = folder.assetcatalog; path = Assets.xcassets; sourceTree = "<group>"; };
		14706BF02067CCA5008C6154 /* Base */ = {isa = PBXFileReference; lastKnownFileType = file.storyboard; name = Base; path = Base.lproj/LaunchScreen.storyboard; sourceTree = "<group>"; };
		14706BF22067CCA5008C6154 /* Info.plist */ = {isa = PBXFileReference; lastKnownFileType = text.plist.xml; path = Info.plist; sourceTree = "<group>"; };
		14706BF32067CCA5008C6154 /* main.m */ = {isa = PBXFileReference; lastKnownFileType = sourcecode.c.objc; path = main.m; sourceTree = "<group>"; };
		14706BF92067CCA5008C6154 /* ios-sample-appTests.xctest */ = {isa = PBXFileReference; explicitFileType = wrapper.cfbundle; includeInIndex = 0; path = "ios-sample-appTests.xctest"; sourceTree = BUILT_PRODUCTS_DIR; };
		14706C042067CCA5008C6154 /* ios-sample-appUITests.xctest */ = {isa = PBXFileReference; explicitFileType = wrapper.cfbundle; includeInIndex = 0; path = "ios-sample-appUITests.xctest"; sourceTree = BUILT_PRODUCTS_DIR; };
/* End PBXFileReference section */

/* Begin PBXFrameworksBuildPhase section */
		14706BDE2067CCA5008C6154 /* Frameworks */ = {
			isa = PBXFrameworksBuildPhase;
			buildActionMask = 2147483647;
			files = (
				146F0C9A2077E0E1008BD55E /* libcryptosdk.dylib in Frameworks */,
			);
			runOnlyForDeploymentPostprocessing = 0;
		};
		14706BF62067CCA5008C6154 /* Frameworks */ = {
			isa = PBXFrameworksBuildPhase;
			buildActionMask = 2147483647;
			files = (
			);
			runOnlyForDeploymentPostprocessing = 0;
		};
		14706C012067CCA5008C6154 /* Frameworks */ = {
			isa = PBXFrameworksBuildPhase;
			buildActionMask = 2147483647;
			files = (
			);
			runOnlyForDeploymentPostprocessing = 0;
		};
/* End PBXFrameworksBuildPhase section */

/* Begin PBXGroup section */
		14706BD82067CCA5008C6154 = {
			isa = PBXGroup;
			children = (
				14706BE32067CCA5008C6154 /* ios-sample-app */,
				14706BE22067CCA5008C6154 /* Products */,
				14706C1620683CA1008C6154 /* Frameworks */,
			);
			sourceTree = "<group>";
		};
		14706BE22067CCA5008C6154 /* Products */ = {
			isa = PBXGroup;
			children = (
				14706BE12067CCA5008C6154 /* ios-sample-app.app */,
				14706BF92067CCA5008C6154 /* ios-sample-appTests.xctest */,
				14706C042067CCA5008C6154 /* ios-sample-appUITests.xctest */,
			);
			name = Products;
			sourceTree = "<group>";
		};
		14706BE32067CCA5008C6154 /* ios-sample-app */ = {
			isa = PBXGroup;
			children = (
				14706BE42067CCA5008C6154 /* AppDelegate.h */,
				14706BE52067CCA5008C6154 /* AppDelegate.mm */,
				14706BE72067CCA5008C6154 /* ViewController.h */,
				14706BE82067CCA5008C6154 /* ViewController.mm */,
				14706BEA2067CCA5008C6154 /* Main.storyboard */,
				14706BED2067CCA5008C6154 /* Assets.xcassets */,
				14706BEF2067CCA5008C6154 /* LaunchScreen.storyboard */,
				14706BF22067CCA5008C6154 /* Info.plist */,
				14706BF32067CCA5008C6154 /* main.m */,
			);
			path = "ios-sample-app";
			sourceTree = "<group>";
		};
		14706C1620683CA1008C6154 /* Frameworks */ = {
			isa = PBXGroup;
			children = (
				146F0C992077E0E1008BD55E /* libcryptosdk.dylib */,
			);
			name = Frameworks;
			sourceTree = "<group>";
		};
/* End PBXGroup section */

/* Begin PBXNativeTarget section */
		14706BE02067CCA5008C6154 /* ios-sample-app */ = {
			isa = PBXNativeTarget;
			buildConfigurationList = 14706C0D2067CCA5008C6154 /* Build configuration list for PBXNativeTarget "ios-sample-app" */;
			buildPhases = (
				14706BDD2067CCA5008C6154 /* Sources */,
				14AA350F206D9CC0009F4810 /* ShellScript */,
				14706BDE2067CCA5008C6154 /* Frameworks */,
				14706BDF2067CCA5008C6154 /* Resources */,
			);
			buildRules = (
			);
			dependencies = (
			);
			name = "ios-sample-app";
			productName = "ios-sample-app";
			productReference = 14706BE12067CCA5008C6154 /* ios-sample-app.app */;
			productType = "com.apple.product-type.application";
		};
		14706BF82067CCA5008C6154 /* ios-sample-appTests */ = {
			isa = PBXNativeTarget;
			buildConfigurationList = 14706C102067CCA5008C6154 /* Build configuration list for PBXNativeTarget "ios-sample-appTests" */;
			buildPhases = (
				14706BF52067CCA5008C6154 /* Sources */,
				14706BF62067CCA5008C6154 /* Frameworks */,
				14706BF72067CCA5008C6154 /* Resources */,
			);
			buildRules = (
			);
			dependencies = (
				14706BFB2067CCA5008C6154 /* PBXTargetDependency */,
			);
			name = "ios-sample-appTests";
			productName = "ios-sample-appTests";
			productReference = 14706BF92067CCA5008C6154 /* ios-sample-appTests.xctest */;
			productType = "com.apple.product-type.bundle.unit-test";
		};
		14706C032067CCA5008C6154 /* ios-sample-appUITests */ = {
			isa = PBXNativeTarget;
			buildConfigurationList = 14706C132067CCA5008C6154 /* Build configuration list for PBXNativeTarget "ios-sample-appUITests" */;
			buildPhases = (
				14706C002067CCA5008C6154 /* Sources */,
				14706C012067CCA5008C6154 /* Frameworks */,
				14706C022067CCA5008C6154 /* Resources */,
			);
			buildRules = (
			);
			dependencies = (
				14706C062067CCA5008C6154 /* PBXTargetDependency */,
			);
			name = "ios-sample-appUITests";
			productName = "ios-sample-appUITests";
			productReference = 14706C042067CCA5008C6154 /* ios-sample-appUITests.xctest */;
			productType = "com.apple.product-type.bundle.ui-testing";
		};
/* End PBXNativeTarget section */

/* Begin PBXProject section */
		14706BD92067CCA5008C6154 /* Project object */ = {
			isa = PBXProject;
			attributes = {
				LastUpgradeCheck = 0930;
				ORGANIZATIONNAME = Orbs;
				TargetAttributes = {
					14706BE02067CCA5008C6154 = {
						CreatedOnToolsVersion = 9.2;
						ProvisioningStyle = Automatic;
					};
					14706BF82067CCA5008C6154 = {
						CreatedOnToolsVersion = 9.2;
						ProvisioningStyle = Automatic;
						TestTargetID = 14706BE02067CCA5008C6154;
					};
					14706C032067CCA5008C6154 = {
						CreatedOnToolsVersion = 9.2;
						ProvisioningStyle = Automatic;
						TestTargetID = 14706BE02067CCA5008C6154;
					};
				};
			};
			buildConfigurationList = 14706BDC2067CCA5008C6154 /* Build configuration list for PBXProject "ios-sample-app" */;
			compatibilityVersion = "Xcode 8.0";
			developmentRegion = en;
			hasScannedForEncodings = 0;
			knownRegions = (
				en,
				Base,
			);
			mainGroup = 14706BD82067CCA5008C6154;
			productRefGroup = 14706BE22067CCA5008C6154 /* Products */;
			projectDirPath = "";
			projectRoot = "";
			targets = (
				14706BE02067CCA5008C6154 /* ios-sample-app */,
				14706BF82067CCA5008C6154 /* ios-sample-appTests */,
				14706C032067CCA5008C6154 /* ios-sample-appUITests */,
			);
		};
/* End PBXProject section */

/* Begin PBXResourcesBuildPhase section */
		14706BDF2067CCA5008C6154 /* Resources */ = {
			isa = PBXResourcesBuildPhase;
			buildActionMask = 2147483647;
			files = (
				14706BF12067CCA5008C6154 /* LaunchScreen.storyboard in Resources */,
				14706BEE2067CCA5008C6154 /* Assets.xcassets in Resources */,
				14706BEC2067CCA5008C6154 /* Main.storyboard in Resources */,
			);
			runOnlyForDeploymentPostprocessing = 0;
		};
		14706BF72067CCA5008C6154 /* Resources */ = {
			isa = PBXResourcesBuildPhase;
			buildActionMask = 2147483647;
			files = (
			);
			runOnlyForDeploymentPostprocessing = 0;
		};
		14706C022067CCA5008C6154 /* Resources */ = {
			isa = PBXResourcesBuildPhase;
			buildActionMask = 2147483647;
			files = (
			);
			runOnlyForDeploymentPostprocessing = 0;
		};
/* End PBXResourcesBuildPhase section */

/* Begin PBXShellScriptBuildPhase section */
		14AA350F206D9CC0009F4810 /* ShellScript */ = {
			isa = PBXShellScriptBuildPhase;
			buildActionMask = 2147483647;
			files = (
			);
			inputPaths = (
			);
			outputPaths = (
			);
			runOnlyForDeploymentPostprocessing = 0;
			shellPath = /bin/sh;
			shellScript = "codesign -f -s \"${CODE_SIGN_IDENTITY}\" ../../crypto-sdk/build/ios/lib/libcryptosdk.dylib";
		};
/* End PBXShellScriptBuildPhase section */

/* Begin PBXSourcesBuildPhase section */
		14706BDD2067CCA5008C6154 /* Sources */ = {
			isa = PBXSourcesBuildPhase;
			buildActionMask = 2147483647;
			files = (
				14706BE92067CCA5008C6154 /* ViewController.mm in Sources */,
				14706BF42067CCA5008C6154 /* main.m in Sources */,
				14706BE62067CCA5008C6154 /* AppDelegate.mm in Sources */,
			);
			runOnlyForDeploymentPostprocessing = 0;
		};
		14706BF52067CCA5008C6154 /* Sources */ = {
			isa = PBXSourcesBuildPhase;
			buildActionMask = 2147483647;
			files = (
			);
			runOnlyForDeploymentPostprocessing = 0;
		};
		14706C002067CCA5008C6154 /* Sources */ = {
			isa = PBXSourcesBuildPhase;
			buildActionMask = 2147483647;
			files = (
			);
			runOnlyForDeploymentPostprocessing = 0;
		};
/* End PBXSourcesBuildPhase section */

/* Begin PBXTargetDependency section */
		14706BFB2067CCA5008C6154 /* PBXTargetDependency */ = {
			isa = PBXTargetDependency;
			target = 14706BE02067CCA5008C6154 /* ios-sample-app */;
			targetProxy = 14706BFA2067CCA5008C6154 /* PBXContainerItemProxy */;
		};
		14706C062067CCA5008C6154 /* PBXTargetDependency */ = {
			isa = PBXTargetDependency;
			target = 14706BE02067CCA5008C6154 /* ios-sample-app */;
			targetProxy = 14706C052067CCA5008C6154 /* PBXContainerItemProxy */;
		};
/* End PBXTargetDependency section */

/* Begin PBXVariantGroup section */
		14706BEA2067CCA5008C6154 /* Main.storyboard */ = {
			isa = PBXVariantGroup;
			children = (
				14706BEB2067CCA5008C6154 /* Base */,
			);
			name = Main.storyboard;
			sourceTree = "<group>";
		};
		14706BEF2067CCA5008C6154 /* LaunchScreen.storyboard */ = {
			isa = PBXVariantGroup;
			children = (
				14706BF02067CCA5008C6154 /* Base */,
			);
			name = LaunchScreen.storyboard;
			sourceTree = "<group>";
		};
/* End PBXVariantGroup section */

/* Begin XCBuildConfiguration section */
		14706C0B2067CCA5008C6154 /* Debug */ = {
			isa = XCBuildConfiguration;
			buildSettings = {
				ALWAYS_SEARCH_USER_PATHS = NO;
				CLANG_ANALYZER_NONNULL = YES;
				CLANG_ANALYZER_NUMBER_OBJECT_CONVERSION = YES_AGGRESSIVE;
				CLANG_CXX_LANGUAGE_STANDARD = "gnu++14";
				CLANG_CXX_LIBRARY = "libc++";
				CLANG_ENABLE_MODULES = YES;
				CLANG_ENABLE_OBJC_ARC = YES;
				CLANG_WARN_BLOCK_CAPTURE_AUTORELEASING = YES;
				CLANG_WARN_BOOL_CONVERSION = YES;
				CLANG_WARN_COMMA = YES;
				CLANG_WARN_CONSTANT_CONVERSION = YES;
				CLANG_WARN_DEPRECATED_OBJC_IMPLEMENTATIONS = YES;
				CLANG_WARN_DIRECT_OBJC_ISA_USAGE = YES_ERROR;
				CLANG_WARN_DOCUMENTATION_COMMENTS = YES;
				CLANG_WARN_EMPTY_BODY = YES;
				CLANG_WARN_ENUM_CONVERSION = YES;
				CLANG_WARN_INFINITE_RECURSION = YES;
				CLANG_WARN_INT_CONVERSION = YES;
				CLANG_WARN_NON_LITERAL_NULL_CONVERSION = YES;
				CLANG_WARN_OBJC_IMPLICIT_RETAIN_SELF = YES;
				CLANG_WARN_OBJC_LITERAL_CONVERSION = YES;
				CLANG_WARN_OBJC_ROOT_CLASS = YES_ERROR;
				CLANG_WARN_RANGE_LOOP_ANALYSIS = YES;
				CLANG_WARN_STRICT_PROTOTYPES = YES;
				CLANG_WARN_SUSPICIOUS_MOVE = YES;
				CLANG_WARN_UNGUARDED_AVAILABILITY = YES_AGGRESSIVE;
				CLANG_WARN_UNREACHABLE_CODE = YES;
				CLANG_WARN__DUPLICATE_METHOD_MATCH = YES;
				CODE_SIGN_IDENTITY = "iPhone Developer";
				COPY_PHASE_STRIP = NO;
				DEBUG_INFORMATION_FORMAT = dwarf;
				ENABLE_STRICT_OBJC_MSGSEND = YES;
				ENABLE_TESTABILITY = YES;
				GCC_C_LANGUAGE_STANDARD = gnu11;
				GCC_DYNAMIC_NO_PIC = NO;
				GCC_NO_COMMON_BLOCKS = YES;
				GCC_OPTIMIZATION_LEVEL = 0;
				GCC_PREPROCESSOR_DEFINITIONS = (
					"DEBUG=1",
					"$(inherited)",
				);
				GCC_WARN_64_TO_32_BIT_CONVERSION = YES;
				GCC_WARN_ABOUT_RETURN_TYPE = YES_ERROR;
				GCC_WARN_UNDECLARED_SELECTOR = YES;
				GCC_WARN_UNINITIALIZED_AUTOS = YES_AGGRESSIVE;
				GCC_WARN_UNUSED_FUNCTION = YES;
				GCC_WARN_UNUSED_VARIABLE = YES;
				IPHONEOS_DEPLOYMENT_TARGET = 11.2;
				MTL_ENABLE_DEBUG_INFO = YES;
				ONLY_ACTIVE_ARCH = YES;
			};
			name = Debug;
		};
		14706C0C2067CCA5008C6154 /* Release */ = {
			isa = XCBuildConfiguration;
			buildSettings = {
				ALWAYS_SEARCH_USER_PATHS = NO;
				CLANG_ANALYZER_NONNULL = YES;
				CLANG_ANALYZER_NUMBER_OBJECT_CONVERSION = YES_AGGRESSIVE;
				CLANG_CXX_LANGUAGE_STANDARD = "gnu++14";
				CLANG_CXX_LIBRARY = "libc++";
				CLANG_ENABLE_MODULES = YES;
				CLANG_ENABLE_OBJC_ARC = YES;
				CLANG_WARN_BLOCK_CAPTURE_AUTORELEASING = YES;
				CLANG_WARN_BOOL_CONVERSION = YES;
				CLANG_WARN_COMMA = YES;
				CLANG_WARN_CONSTANT_CONVERSION = YES;
				CLANG_WARN_DEPRECATED_OBJC_IMPLEMENTATIONS = YES;
				CLANG_WARN_DIRECT_OBJC_ISA_USAGE = YES_ERROR;
				CLANG_WARN_DOCUMENTATION_COMMENTS = YES;
				CLANG_WARN_EMPTY_BODY = YES;
				CLANG_WARN_ENUM_CONVERSION = YES;
				CLANG_WARN_INFINITE_RECURSION = YES;
				CLANG_WARN_INT_CONVERSION = YES;
				CLANG_WARN_NON_LITERAL_NULL_CONVERSION = YES;
				CLANG_WARN_OBJC_IMPLICIT_RETAIN_SELF = YES;
				CLANG_WARN_OBJC_LITERAL_CONVERSION = YES;
				CLANG_WARN_OBJC_ROOT_CLASS = YES_ERROR;
				CLANG_WARN_RANGE_LOOP_ANALYSIS = YES;
				CLANG_WARN_STRICT_PROTOTYPES = YES;
				CLANG_WARN_SUSPICIOUS_MOVE = YES;
				CLANG_WARN_UNGUARDED_AVAILABILITY = YES_AGGRESSIVE;
				CLANG_WARN_UNREACHABLE_CODE = YES;
				CLANG_WARN__DUPLICATE_METHOD_MATCH = YES;
				CODE_SIGN_IDENTITY = "iPhone Developer";
				COPY_PHASE_STRIP = NO;
				DEBUG_INFORMATION_FORMAT = "dwarf-with-dsym";
				ENABLE_NS_ASSERTIONS = NO;
				ENABLE_STRICT_OBJC_MSGSEND = YES;
				GCC_C_LANGUAGE_STANDARD = gnu11;
				GCC_NO_COMMON_BLOCKS = YES;
				GCC_WARN_64_TO_32_BIT_CONVERSION = YES;
				GCC_WARN_ABOUT_RETURN_TYPE = YES_ERROR;
				GCC_WARN_UNDECLARED_SELECTOR = YES;
				GCC_WARN_UNINITIALIZED_AUTOS = YES_AGGRESSIVE;
				GCC_WARN_UNUSED_FUNCTION = YES;
				GCC_WARN_UNUSED_VARIABLE = YES;
				IPHONEOS_DEPLOYMENT_TARGET = 11.2;
				MTL_ENABLE_DEBUG_INFO = NO;
				VALIDATE_PRODUCT = YES;
			};
			name = Release;
		};
		14706C0E2067CCA5008C6154 /* Debug */ = {
			isa = XCBuildConfiguration;
			buildSettings = {
				ASSETCATALOG_COMPILER_APPICON_NAME = AppIcon;
				CLANG_CXX_LANGUAGE_STANDARD = "gnu++0x";
				CODE_SIGN_IDENTITY = "Mac Developer";
				CODE_SIGN_STYLE = Automatic;
				DEVELOPMENT_TEAM = ZU9RBNHA75;
				INFOPLIST_FILE = "ios-sample-app/Info.plist";
				LD_RUNPATH_SEARCH_PATHS = "$(inherited) @executable_path/Frameworks";
				LIBRARY_SEARCH_PATHS = "../../crypto-sdk/build/ios/lib/";
				PRODUCT_BUNDLE_IDENTIFIER = "orbs.ios-sample-app";
				PRODUCT_NAME = "$(TARGET_NAME)";
				PROVISIONING_PROFILE_SPECIFIER = "";
				SUPPORTED_PLATFORMS = "iphonesimulator iphoneos";
				TARGETED_DEVICE_FAMILY = "1,2";
			};
			name = Debug;
		};
		14706C0F2067CCA5008C6154 /* Release */ = {
			isa = XCBuildConfiguration;
			buildSettings = {
				ASSETCATALOG_COMPILER_APPICON_NAME = AppIcon;
				CLANG_CXX_LANGUAGE_STANDARD = "gnu++0x";
				CODE_SIGN_IDENTITY = "Mac Developer";
				CODE_SIGN_STYLE = Automatic;
				DEVELOPMENT_TEAM = ZU9RBNHA75;
				INFOPLIST_FILE = "ios-sample-app/Info.plist";
				LD_RUNPATH_SEARCH_PATHS = "$(inherited) @executable_path/Frameworks";
				LIBRARY_SEARCH_PATHS = "../../crypto-sdk/build/ios/lib/";
				PRODUCT_BUNDLE_IDENTIFIER = "orbs.ios-sample-app";
				PRODUCT_NAME = "$(TARGET_NAME)";
				PROVISIONING_PROFILE_SPECIFIER = "";
				SUPPORTED_PLATFORMS = "iphonesimulator iphoneos";
				TARGETED_DEVICE_FAMILY = "1,2";
			};
			name = Release;
		};
		14706C112067CCA5008C6154 /* Debug */ = {
			isa = XCBuildConfiguration;
			buildSettings = {
				BUNDLE_LOADER = "$(TEST_HOST)";
				CODE_SIGN_STYLE = Automatic;
				INFOPLIST_FILE = "ios-sample-appTests/Info.plist";
				LD_RUNPATH_SEARCH_PATHS = "$(inherited) @executable_path/Frameworks @loader_path/Frameworks";
				PRODUCT_BUNDLE_IDENTIFIER = "orbs.ios-sample-appTests";
				PRODUCT_NAME = "$(TARGET_NAME)";
				TARGETED_DEVICE_FAMILY = "1,2";
				TEST_HOST = "$(BUILT_PRODUCTS_DIR)/ios-sample-app.app/ios-sample-app";
			};
			name = Debug;
		};
		14706C122067CCA5008C6154 /* Release */ = {
			isa = XCBuildConfiguration;
			buildSettings = {
				BUNDLE_LOADER = "$(TEST_HOST)";
				CODE_SIGN_STYLE = Automatic;
				INFOPLIST_FILE = "ios-sample-appTests/Info.plist";
				LD_RUNPATH_SEARCH_PATHS = "$(inherited) @executable_path/Frameworks @loader_path/Frameworks";
				PRODUCT_BUNDLE_IDENTIFIER = "orbs.ios-sample-appTests";
				PRODUCT_NAME = "$(TARGET_NAME)";
				TARGETED_DEVICE_FAMILY = "1,2";
				TEST_HOST = "$(BUILT_PRODUCTS_DIR)/ios-sample-app.app/ios-sample-app";
			};
			name = Release;
		};
		14706C142067CCA5008C6154 /* Debug */ = {
			isa = XCBuildConfiguration;
			buildSettings = {
				CODE_SIGN_STYLE = Automatic;
				INFOPLIST_FILE = "ios-sample-appUITests/Info.plist";
				LD_RUNPATH_SEARCH_PATHS = "$(inherited) @executable_path/Frameworks @loader_path/Frameworks";
				PRODUCT_BUNDLE_IDENTIFIER = "orbs.ios-sample-appUITests";
				PRODUCT_NAME = "$(TARGET_NAME)";
				TARGETED_DEVICE_FAMILY = "1,2";
				TEST_TARGET_NAME = "ios-sample-app";
			};
			name = Debug;
		};
		14706C152067CCA5008C6154 /* Release */ = {
			isa = XCBuildConfiguration;
			buildSettings = {
				CODE_SIGN_STYLE = Automatic;
				INFOPLIST_FILE = "ios-sample-appUITests/Info.plist";
				LD_RUNPATH_SEARCH_PATHS = "$(inherited) @executable_path/Frameworks @loader_path/Frameworks";
				PRODUCT_BUNDLE_IDENTIFIER = "orbs.ios-sample-appUITests";
				PRODUCT_NAME = "$(TARGET_NAME)";
				TARGETED_DEVICE_FAMILY = "1,2";
				TEST_TARGET_NAME = "ios-sample-app";
			};
			name = Release;
		};
/* End XCBuildConfiguration section */

/* Begin XCConfigurationList section */
		14706BDC2067CCA5008C6154 /* Build configuration list for PBXProject "ios-sample-app" */ = {
			isa = XCConfigurationList;
			buildConfigurations = (
				14706C0B2067CCA5008C6154 /* Debug */,
				14706C0C2067CCA5008C6154 /* Release */,
			);
			defaultConfigurationIsVisible = 0;
			defaultConfigurationName = Release;
		};
		14706C0D2067CCA5008C6154 /* Build configuration list for PBXNativeTarget "ios-sample-app" */ = {
			isa = XCConfigurationList;
			buildConfigurations = (
				14706C0E2067CCA5008C6154 /* Debug */,
				14706C0F2067CCA5008C6154 /* Release */,
			);
			defaultConfigurationIsVisible = 0;
			defaultConfigurationName = Release;
		};
		14706C102067CCA5008C6154 /* Build configuration list for PBXNativeTarget "ios-sample-appTests" */ = {
			isa = XCConfigurationList;
			buildConfigurations = (
				14706C112067CCA5008C6154 /* Debug */,
				14706C122067CCA5008C6154 /* Release */,
			);
			defaultConfigurationIsVisible = 0;
			defaultConfigurationName = Release;
		};
		14706C132067CCA5008C6154 /* Build configuration list for PBXNativeTarget "ios-sample-appUITests" */ = {
			isa = XCConfigurationList;
			buildConfigurations = (
				14706C142067CCA5008C6154 /* Debug */,
				14706C152067CCA5008C6154 /* Release */,
			);
			defaultConfigurationIsVisible = 0;
			defaultConfigurationName = Release;
		};
/* End XCConfigurationList section */
	};
	rootObject = 14706BD92067CCA5008C6154 /* Project object */;
}
